// !$*UTF8*$!
{
   archiveVersion = "1";
   objectVersion = "46";
   objects = {
      "JSONEquality::JSONEquality" = {
         isa = "PBXNativeTarget";
         buildConfigurationList = "OBJ_120";
         buildPhases = (
            "OBJ_123",
            "OBJ_125"
         );
         dependencies = (
         );
         name = "JSONEquality";
         productName = "JSONEquality";
         productReference = "JSONEquality::JSONEquality::Product";
         productType = "com.apple.product-type.framework";
      };
      "JSONEquality::JSONEquality::Product" = {
         isa = "PBXFileReference";
         path = "JSONEquality.framework";
         sourceTree = "BUILT_PRODUCTS_DIR";
      };
      "JSONEquality::SwiftPMPackageDescription" = {
         isa = "PBXNativeTarget";
         buildConfigurationList = "OBJ_127";
         buildPhases = (
            "OBJ_130"
         );
         dependencies = (
         );
         name = "JSONEqualityPackageDescription";
         productName = "JSONEqualityPackageDescription";
         productType = "com.apple.product-type.framework";
      };
      "MongoSwift::MongoSwift" = {
         isa = "PBXNativeTarget";
         buildConfigurationList = "OBJ_133";
         buildPhases = (
            "OBJ_136",
            "OBJ_191"
         );
         dependencies = (
         );
         name = "MongoSwift";
         productName = "MongoSwift";
         productReference = "MongoSwift::MongoSwift::Product";
         productType = "com.apple.product-type.framework";
      };
      "MongoSwift::MongoSwift::Product" = {
         isa = "PBXFileReference";
         path = "MongoSwift.framework";
         sourceTree = "BUILT_PRODUCTS_DIR";
      };
      "MongoSwift::SwiftPMPackageDescription" = {
         isa = "PBXNativeTarget";
         buildConfigurationList = "OBJ_193";
         buildPhases = (
            "OBJ_196"
         );
         dependencies = (
         );
         name = "MongoSwiftPackageDescription";
         productName = "MongoSwiftPackageDescription";
         productType = "com.apple.product-type.framework";
      };
      "OBJ_1" = {
         isa = "PBXProject";
         attributes = {
            LastSwiftMigration = "9999";
            LastUpgradeCheck = "9999";
         };
         buildConfigurationList = "OBJ_2";
         compatibilityVersion = "Xcode 3.2";
         developmentRegion = "en";
         hasScannedForEncodings = "0";
         knownRegions = (
            "en"
         );
         mainGroup = "OBJ_5";
         productRefGroup = "OBJ_109";
         projectDirPath = ".";
         targets = (
            "JSONEquality::JSONEquality",
            "JSONEquality::SwiftPMPackageDescription",
            "MongoSwift::MongoSwift",
            "MongoSwift::SwiftPMPackageDescription",
            "PromiseKit::PromiseKit",
            "PromiseKit::SwiftPMPackageDescription",
            "bson::bson::ProductTarget",
            "danake::danake",
            "danakeMongo::danakeMongo",
            "danakeMongo::SwiftPMPackageDescription",
            "danakeMongo::danakeMongoPackageTests::ProductTarget",
            "danakeMongo::danakeMongoTests",
            "danake::SwiftPMPackageDescription",
            "mongoc::mongoc::ProductTarget"
         );
      };
      "OBJ_10" = {
         isa = "PBXGroup";
         children = (
            "OBJ_11"
         );
         name = "Tests";
         path = "";
         sourceTree = "SOURCE_ROOT";
      };
      "OBJ_100" = {
         isa = "PBXFileReference";
         path = "LogEvent.swift";
         sourceTree = "<group>";
      };
      "OBJ_101" = {
         isa = "PBXFileReference";
         path = "Promise.swift";
         sourceTree = "<group>";
      };
      "OBJ_102" = {
         isa = "PBXFileReference";
         path = "Resolver.swift";
         sourceTree = "<group>";
      };
      "OBJ_103" = {
         isa = "PBXFileReference";
         path = "Thenable.swift";
         sourceTree = "<group>";
      };
      "OBJ_104" = {
         isa = "PBXFileReference";
         path = "after.swift";
         sourceTree = "<group>";
      };
      "OBJ_105" = {
         isa = "PBXFileReference";
         path = "firstly.swift";
         sourceTree = "<group>";
      };
      "OBJ_106" = {
         isa = "PBXFileReference";
         path = "hang.swift";
         sourceTree = "<group>";
      };
      "OBJ_107" = {
         isa = "PBXFileReference";
         path = "race.swift";
         sourceTree = "<group>";
      };
      "OBJ_108" = {
         isa = "PBXFileReference";
         path = "when.swift";
         sourceTree = "<group>";
      };
      "OBJ_109" = {
         isa = "PBXGroup";
         children = (
            "danake::danake::Product",
            "danakeMongo::danakeMongo::Product",
            "PromiseKit::PromiseKit::Product",
            "JSONEquality::JSONEquality::Product",
            "danakeMongo::danakeMongoTests::Product",
            "MongoSwift::MongoSwift::Product"
         );
         name = "Products";
         path = "";
         sourceTree = "BUILT_PRODUCTS_DIR";
      };
      "OBJ_11" = {
         isa = "PBXGroup";
         children = (
            "OBJ_12",
            "OBJ_13"
         );
         name = "danakeMongoTests";
         path = "Tests/danakeMongoTests";
         sourceTree = "SOURCE_ROOT";
      };
      "OBJ_116" = {
         isa = "PBXFileReference";
         path = "LICENSE";
         sourceTree = "<group>";
      };
      "OBJ_117" = {
         isa = "PBXFileReference";
         path = "README.md";
         sourceTree = "<group>";
      };
      "OBJ_118" = {
         isa = "PBXFileReference";
         path = "update.sh";
         sourceTree = "<group>";
      };
      "OBJ_12" = {
         isa = "PBXFileReference";
         path = "XCTestManifests.swift";
         sourceTree = "<group>";
      };
      "OBJ_120" = {
         isa = "XCConfigurationList";
         buildConfigurations = (
            "OBJ_121",
            "OBJ_122"
         );
         defaultConfigurationIsVisible = "0";
         defaultConfigurationName = "Release";
      };
      "OBJ_121" = {
         isa = "XCBuildConfiguration";
         buildSettings = {
            ENABLE_TESTABILITY = "YES";
            FRAMEWORK_SEARCH_PATHS = (
               "$(inherited)",
               "$(PLATFORM_DIR)/Developer/Library/Frameworks"
            );
            HEADER_SEARCH_PATHS = (
               "$(inherited)"
            );
            INFOPLIST_FILE = "danakeMongo.xcodeproj/JSONEquality_Info.plist";
            LD_RUNPATH_SEARCH_PATHS = (
               "$(inherited)",
               "$(TOOLCHAIN_DIR)/usr/lib/swift/macosx"
            );
            OTHER_CFLAGS = (
               "$(inherited)"
            );
            OTHER_LDFLAGS = (
               "$(inherited)"
            );
            OTHER_SWIFT_FLAGS = (
               "$(inherited)"
            );
            PRODUCT_BUNDLE_IDENTIFIER = "JSONEquality";
            PRODUCT_MODULE_NAME = "$(TARGET_NAME:c99extidentifier)";
            PRODUCT_NAME = "$(TARGET_NAME:c99extidentifier)";
            SKIP_INSTALL = "YES";
            SWIFT_ACTIVE_COMPILATION_CONDITIONS = (
               "$(inherited)"
            );
            SWIFT_VERSION = "4.2";
            TARGET_NAME = "JSONEquality";
         };
         name = "Debug";
      };
      "OBJ_122" = {
         isa = "XCBuildConfiguration";
         buildSettings = {
            ENABLE_TESTABILITY = "YES";
            FRAMEWORK_SEARCH_PATHS = (
               "$(inherited)",
               "$(PLATFORM_DIR)/Developer/Library/Frameworks"
            );
            HEADER_SEARCH_PATHS = (
               "$(inherited)"
            );
            INFOPLIST_FILE = "danakeMongo.xcodeproj/JSONEquality_Info.plist";
            LD_RUNPATH_SEARCH_PATHS = (
               "$(inherited)",
               "$(TOOLCHAIN_DIR)/usr/lib/swift/macosx"
            );
            OTHER_CFLAGS = (
               "$(inherited)"
            );
            OTHER_LDFLAGS = (
               "$(inherited)"
            );
            OTHER_SWIFT_FLAGS = (
               "$(inherited)"
            );
            PRODUCT_BUNDLE_IDENTIFIER = "JSONEquality";
            PRODUCT_MODULE_NAME = "$(TARGET_NAME:c99extidentifier)";
            PRODUCT_NAME = "$(TARGET_NAME:c99extidentifier)";
            SKIP_INSTALL = "YES";
            SWIFT_ACTIVE_COMPILATION_CONDITIONS = (
               "$(inherited)"
            );
            SWIFT_VERSION = "4.2";
            TARGET_NAME = "JSONEquality";
         };
         name = "Release";
      };
      "OBJ_123" = {
         isa = "PBXSourcesBuildPhase";
         files = (
            "OBJ_124"
         );
      };
      "OBJ_124" = {
         isa = "PBXBuildFile";
         fileRef = "OBJ_90";
      };
      "OBJ_125" = {
         isa = "PBXFrameworksBuildPhase";
         files = (
         );
      };
      "OBJ_127" = {
         isa = "XCConfigurationList";
         buildConfigurations = (
            "OBJ_128",
            "OBJ_129"
         );
         defaultConfigurationIsVisible = "0";
         defaultConfigurationName = "Release";
      };
      "OBJ_128" = {
         isa = "XCBuildConfiguration";
         buildSettings = {
            LD = "/usr/bin/true";
            OTHER_SWIFT_FLAGS = (
               "-swift-version",
               "4.2",
               "-I",
               "$(TOOLCHAIN_DIR)/usr/lib/swift/pm/4_2",
               "-target",
               "x86_64-apple-macosx10.10",
               "-sdk",
               "/Applications/Xcode-beta.app/Contents/Developer/Platforms/MacOSX.platform/Developer/SDKs/MacOSX10.15.sdk",
               "-package-description-version",
               "4.2"
            );
            SWIFT_VERSION = "4.2";
         };
         name = "Debug";
      };
      "OBJ_129" = {
         isa = "XCBuildConfiguration";
         buildSettings = {
            LD = "/usr/bin/true";
            OTHER_SWIFT_FLAGS = (
               "-swift-version",
               "4.2",
               "-I",
               "$(TOOLCHAIN_DIR)/usr/lib/swift/pm/4_2",
               "-target",
               "x86_64-apple-macosx10.10",
               "-sdk",
               "/Applications/Xcode-beta.app/Contents/Developer/Platforms/MacOSX.platform/Developer/SDKs/MacOSX10.15.sdk",
               "-package-description-version",
               "4.2"
            );
            SWIFT_VERSION = "4.2";
         };
         name = "Release";
      };
      "OBJ_13" = {
         isa = "PBXFileReference";
         path = "danakeMongoTests.swift";
         sourceTree = "<group>";
      };
      "OBJ_130" = {
         isa = "PBXSourcesBuildPhase";
         files = (
            "OBJ_131"
         );
      };
      "OBJ_131" = {
         isa = "PBXBuildFile";
         fileRef = "OBJ_91";
      };
      "OBJ_133" = {
         isa = "XCConfigurationList";
         buildConfigurations = (
            "OBJ_134",
            "OBJ_135"
         );
         defaultConfigurationIsVisible = "0";
         defaultConfigurationName = "Release";
      };
      "OBJ_134" = {
         isa = "XCBuildConfiguration";
         buildSettings = {
            ENABLE_TESTABILITY = "YES";
            FRAMEWORK_SEARCH_PATHS = (
               "$(inherited)",
               "$(PLATFORM_DIR)/Developer/Library/Frameworks"
            );
            HEADER_SEARCH_PATHS = (
               "$(inherited)",
               "$(SRCROOT)/.build/checkouts/swift-mongoc",
               "$(SRCROOT)/.build/checkouts/swift-bson"
            );
            INFOPLIST_FILE = "danakeMongo.xcodeproj/MongoSwift_Info.plist";
            IPHONEOS_DEPLOYMENT_TARGET = "8.0";
            LD_RUNPATH_SEARCH_PATHS = (
               "$(inherited)",
               "$(TOOLCHAIN_DIR)/usr/lib/swift/macosx"
            );
            MACOSX_DEPLOYMENT_TARGET = "10.10";
            OTHER_CFLAGS = (
               "$(inherited)",
               "-I/usr/local/Cellar/mongo-c-driver/1.15.1/include/libmongoc-1.0",
               "-I/usr/local/Cellar/mongo-c-driver/1.15.1/include/libbson-1.0",
               "-I/usr/local/Cellar/mongo-c-driver/1.15.1/include/libbson-1.0"
            );
            OTHER_LDFLAGS = (
               "$(inherited)",
               "-L/usr/local/Cellar/mongo-c-driver/1.15.1/lib",
               "-lmongoc-1.0",
               "-L/usr/local/Cellar/mongo-c-driver/1.15.1/lib",
               "-lbson-1.0",
               "-L/usr/local/Cellar/mongo-c-driver/1.15.1/lib",
               "-lbson-1.0"
            );
            OTHER_SWIFT_FLAGS = (
               "$(inherited)",
               "-I/usr/local/Cellar/mongo-c-driver/1.15.1/include/libmongoc-1.0",
               "-I/usr/local/Cellar/mongo-c-driver/1.15.1/include/libbson-1.0",
               "-I/usr/local/Cellar/mongo-c-driver/1.15.1/include/libbson-1.0"
            );
            PRODUCT_BUNDLE_IDENTIFIER = "MongoSwift";
            PRODUCT_MODULE_NAME = "$(TARGET_NAME:c99extidentifier)";
            PRODUCT_NAME = "$(TARGET_NAME:c99extidentifier)";
            SKIP_INSTALL = "YES";
            SWIFT_ACTIVE_COMPILATION_CONDITIONS = (
               "$(inherited)"
            );
            SWIFT_VERSION = "5.0";
            TARGET_NAME = "MongoSwift";
            TVOS_DEPLOYMENT_TARGET = "9.0";
            WATCHOS_DEPLOYMENT_TARGET = "2.0";
         };
         name = "Debug";
      };
      "OBJ_135" = {
         isa = "XCBuildConfiguration";
         buildSettings = {
            ENABLE_TESTABILITY = "YES";
            FRAMEWORK_SEARCH_PATHS = (
               "$(inherited)",
               "$(PLATFORM_DIR)/Developer/Library/Frameworks"
            );
            HEADER_SEARCH_PATHS = (
               "$(inherited)",
               "$(SRCROOT)/.build/checkouts/swift-mongoc",
               "$(SRCROOT)/.build/checkouts/swift-bson"
            );
            INFOPLIST_FILE = "danakeMongo.xcodeproj/MongoSwift_Info.plist";
            IPHONEOS_DEPLOYMENT_TARGET = "8.0";
            LD_RUNPATH_SEARCH_PATHS = (
               "$(inherited)",
               "$(TOOLCHAIN_DIR)/usr/lib/swift/macosx"
            );
            MACOSX_DEPLOYMENT_TARGET = "10.10";
            OTHER_CFLAGS = (
               "$(inherited)",
               "-I/usr/local/Cellar/mongo-c-driver/1.15.1/include/libmongoc-1.0",
               "-I/usr/local/Cellar/mongo-c-driver/1.15.1/include/libbson-1.0",
               "-I/usr/local/Cellar/mongo-c-driver/1.15.1/include/libbson-1.0"
            );
            OTHER_LDFLAGS = (
               "$(inherited)",
               "-L/usr/local/Cellar/mongo-c-driver/1.15.1/lib",
               "-lmongoc-1.0",
               "-L/usr/local/Cellar/mongo-c-driver/1.15.1/lib",
               "-lbson-1.0",
               "-L/usr/local/Cellar/mongo-c-driver/1.15.1/lib",
               "-lbson-1.0"
            );
            OTHER_SWIFT_FLAGS = (
               "$(inherited)",
               "-I/usr/local/Cellar/mongo-c-driver/1.15.1/include/libmongoc-1.0",
               "-I/usr/local/Cellar/mongo-c-driver/1.15.1/include/libbson-1.0",
               "-I/usr/local/Cellar/mongo-c-driver/1.15.1/include/libbson-1.0"
            );
            PRODUCT_BUNDLE_IDENTIFIER = "MongoSwift";
            PRODUCT_MODULE_NAME = "$(TARGET_NAME:c99extidentifier)";
            PRODUCT_NAME = "$(TARGET_NAME:c99extidentifier)";
            SKIP_INSTALL = "YES";
            SWIFT_ACTIVE_COMPILATION_CONDITIONS = (
               "$(inherited)"
            );
            SWIFT_VERSION = "5.0";
            TARGET_NAME = "MongoSwift";
            TVOS_DEPLOYMENT_TARGET = "9.0";
            WATCHOS_DEPLOYMENT_TARGET = "2.0";
         };
         name = "Release";
      };
      "OBJ_136" = {
         isa = "PBXSourcesBuildPhase";
         files = (
            "OBJ_137",
            "OBJ_138",
            "OBJ_139",
            "OBJ_140",
            "OBJ_141",
            "OBJ_142",
            "OBJ_143",
            "OBJ_144",
            "OBJ_145",
            "OBJ_146",
            "OBJ_147",
            "OBJ_148",
            "OBJ_149",
            "OBJ_150",
            "OBJ_151",
            "OBJ_152",
            "OBJ_153",
            "OBJ_154",
            "OBJ_155",
            "OBJ_156",
            "OBJ_157",
            "OBJ_158",
            "OBJ_159",
            "OBJ_160",
            "OBJ_161",
            "OBJ_162",
            "OBJ_163",
            "OBJ_164",
            "OBJ_165",
            "OBJ_166",
            "OBJ_167",
            "OBJ_168",
            "OBJ_169",
            "OBJ_170",
            "OBJ_171",
            "OBJ_172",
            "OBJ_173",
            "OBJ_174",
            "OBJ_175",
            "OBJ_176",
            "OBJ_177",
            "OBJ_178",
            "OBJ_179",
            "OBJ_180",
            "OBJ_181",
            "OBJ_182",
            "OBJ_183",
            "OBJ_184",
            "OBJ_185",
            "OBJ_186",
            "OBJ_187",
            "OBJ_188",
            "OBJ_189",
            "OBJ_190"
         );
      };
      "OBJ_137" = {
         isa = "PBXBuildFile";
         fileRef = "OBJ_18";
      };
      "OBJ_138" = {
         isa = "PBXBuildFile";
         fileRef = "OBJ_20";
      };
      "OBJ_139" = {
         isa = "PBXBuildFile";
         fileRef = "OBJ_21";
      };
      "OBJ_14" = {
         isa = "PBXGroup";
         children = (
            "OBJ_15",
            "OBJ_75",
            "OBJ_88",
            "OBJ_92"
         );
         name = "Dependencies";
         path = "";
         sourceTree = "<group>";
      };
      "OBJ_140" = {
         isa = "PBXBuildFile";
         fileRef = "OBJ_22";
      };
      "OBJ_141" = {
         isa = "PBXBuildFile";
         fileRef = "OBJ_23";
      };
      "OBJ_142" = {
         isa = "PBXBuildFile";
         fileRef = "OBJ_24";
      };
      "OBJ_143" = {
         isa = "PBXBuildFile";
         fileRef = "OBJ_25";
      };
      "OBJ_144" = {
         isa = "PBXBuildFile";
         fileRef = "OBJ_26";
      };
      "OBJ_145" = {
         isa = "PBXBuildFile";
         fileRef = "OBJ_27";
      };
      "OBJ_146" = {
         isa = "PBXBuildFile";
         fileRef = "OBJ_28";
      };
      "OBJ_147" = {
         isa = "PBXBuildFile";
         fileRef = "OBJ_29";
      };
      "OBJ_148" = {
         isa = "PBXBuildFile";
         fileRef = "OBJ_30";
      };
      "OBJ_149" = {
         isa = "PBXBuildFile";
         fileRef = "OBJ_31";
      };
      "OBJ_15" = {
         isa = "PBXGroup";
         children = (
            "OBJ_16",
            "OBJ_17",
            "OBJ_74"
         );
         name = "MongoSwift";
         path = "";
         sourceTree = "SOURCE_ROOT";
      };
      "OBJ_150" = {
         isa = "PBXBuildFile";
         fileRef = "OBJ_32";
      };
      "OBJ_151" = {
         isa = "PBXBuildFile";
         fileRef = "OBJ_33";
      };
      "OBJ_152" = {
         isa = "PBXBuildFile";
         fileRef = "OBJ_34";
      };
      "OBJ_153" = {
         isa = "PBXBuildFile";
         fileRef = "OBJ_35";
      };
      "OBJ_154" = {
         isa = "PBXBuildFile";
         fileRef = "OBJ_36";
      };
      "OBJ_155" = {
         isa = "PBXBuildFile";
         fileRef = "OBJ_37";
      };
      "OBJ_156" = {
         isa = "PBXBuildFile";
         fileRef = "OBJ_38";
      };
      "OBJ_157" = {
         isa = "PBXBuildFile";
         fileRef = "OBJ_39";
      };
      "OBJ_158" = {
         isa = "PBXBuildFile";
         fileRef = "OBJ_40";
      };
      "OBJ_159" = {
         isa = "PBXBuildFile";
         fileRef = "OBJ_41";
      };
      "OBJ_16" = {
         isa = "PBXGroup";
         children = (
         );
         name = "AtlasConnectivity";
         path = ".build/checkouts/mongo-swift-driver/Sources/AtlasConnectivity";
         sourceTree = "SOURCE_ROOT";
      };
      "OBJ_160" = {
         isa = "PBXBuildFile";
         fileRef = "OBJ_42";
      };
      "OBJ_161" = {
         isa = "PBXBuildFile";
         fileRef = "OBJ_43";
      };
      "OBJ_162" = {
         isa = "PBXBuildFile";
         fileRef = "OBJ_44";
      };
      "OBJ_163" = {
         isa = "PBXBuildFile";
         fileRef = "OBJ_45";
      };
      "OBJ_164" = {
         isa = "PBXBuildFile";
         fileRef = "OBJ_46";
      };
      "OBJ_165" = {
         isa = "PBXBuildFile";
         fileRef = "OBJ_47";
      };
      "OBJ_166" = {
         isa = "PBXBuildFile";
         fileRef = "OBJ_48";
      };
      "OBJ_167" = {
         isa = "PBXBuildFile";
         fileRef = "OBJ_49";
      };
      "OBJ_168" = {
         isa = "PBXBuildFile";
         fileRef = "OBJ_50";
      };
      "OBJ_169" = {
         isa = "PBXBuildFile";
         fileRef = "OBJ_51";
      };
      "OBJ_17" = {
         isa = "PBXGroup";
         children = (
            "OBJ_18",
            "OBJ_19",
            "OBJ_32",
            "OBJ_33",
            "OBJ_34",
            "OBJ_35",
            "OBJ_36",
            "OBJ_37",
            "OBJ_38",
            "OBJ_39",
            "OBJ_40",
            "OBJ_41",
            "OBJ_42",
            "OBJ_43",
            "OBJ_44",
            "OBJ_45",
            "OBJ_46",
            "OBJ_47",
            "OBJ_48",
            "OBJ_49",
            "OBJ_50",
            "OBJ_51",
            "OBJ_52",
            "OBJ_53",
            "OBJ_70",
            "OBJ_71",
            "OBJ_72",
            "OBJ_73"
         );
         name = "MongoSwift";
         path = ".build/checkouts/mongo-swift-driver/Sources/MongoSwift";
         sourceTree = "SOURCE_ROOT";
      };
      "OBJ_170" = {
         isa = "PBXBuildFile";
         fileRef = "OBJ_52";
      };
      "OBJ_171" = {
         isa = "PBXBuildFile";
         fileRef = "OBJ_54";
      };
      "OBJ_172" = {
         isa = "PBXBuildFile";
         fileRef = "OBJ_55";
      };
      "OBJ_173" = {
         isa = "PBXBuildFile";
         fileRef = "OBJ_56";
      };
      "OBJ_174" = {
         isa = "PBXBuildFile";
         fileRef = "OBJ_57";
      };
      "OBJ_175" = {
         isa = "PBXBuildFile";
         fileRef = "OBJ_58";
      };
      "OBJ_176" = {
         isa = "PBXBuildFile";
         fileRef = "OBJ_59";
      };
      "OBJ_177" = {
         isa = "PBXBuildFile";
         fileRef = "OBJ_60";
      };
      "OBJ_178" = {
         isa = "PBXBuildFile";
         fileRef = "OBJ_61";
      };
      "OBJ_179" = {
         isa = "PBXBuildFile";
         fileRef = "OBJ_62";
      };
      "OBJ_18" = {
         isa = "PBXFileReference";
         path = "APM.swift";
         sourceTree = "<group>";
      };
      "OBJ_180" = {
         isa = "PBXBuildFile";
         fileRef = "OBJ_63";
      };
      "OBJ_181" = {
         isa = "PBXBuildFile";
         fileRef = "OBJ_64";
      };
      "OBJ_182" = {
         isa = "PBXBuildFile";
         fileRef = "OBJ_65";
      };
      "OBJ_183" = {
         isa = "PBXBuildFile";
         fileRef = "OBJ_66";
      };
      "OBJ_184" = {
         isa = "PBXBuildFile";
         fileRef = "OBJ_67";
      };
      "OBJ_185" = {
         isa = "PBXBuildFile";
         fileRef = "OBJ_68";
      };
      "OBJ_186" = {
         isa = "PBXBuildFile";
         fileRef = "OBJ_69";
      };
      "OBJ_187" = {
         isa = "PBXBuildFile";
         fileRef = "OBJ_70";
      };
      "OBJ_188" = {
         isa = "PBXBuildFile";
         fileRef = "OBJ_71";
      };
      "OBJ_189" = {
         isa = "PBXBuildFile";
         fileRef = "OBJ_72";
      };
      "OBJ_19" = {
         isa = "PBXGroup";
         children = (
            "OBJ_20",
            "OBJ_21",
            "OBJ_22",
            "OBJ_23",
            "OBJ_24",
            "OBJ_25",
            "OBJ_26",
            "OBJ_27",
            "OBJ_28",
            "OBJ_29",
            "OBJ_30",
            "OBJ_31"
         );
         name = "BSON";
         path = "BSON";
         sourceTree = "<group>";
      };
      "OBJ_190" = {
         isa = "PBXBuildFile";
         fileRef = "OBJ_73";
      };
      "OBJ_191" = {
         isa = "PBXFrameworksBuildPhase";
         files = (
         );
      };
      "OBJ_193" = {
         isa = "XCConfigurationList";
         buildConfigurations = (
            "OBJ_194",
            "OBJ_195"
         );
         defaultConfigurationIsVisible = "0";
         defaultConfigurationName = "Release";
      };
      "OBJ_194" = {
         isa = "XCBuildConfiguration";
         buildSettings = {
            LD = "/usr/bin/true";
            OTHER_SWIFT_FLAGS = (
               "-swift-version",
               "5",
               "-I",
               "$(TOOLCHAIN_DIR)/usr/lib/swift/pm/4_2",
               "-target",
               "x86_64-apple-macosx10.10",
               "-sdk",
               "/Applications/Xcode-beta.app/Contents/Developer/Platforms/MacOSX.platform/Developer/SDKs/MacOSX10.15.sdk",
               "-package-description-version",
               "5"
            );
            SWIFT_VERSION = "5.0";
         };
         name = "Debug";
      };
      "OBJ_195" = {
         isa = "XCBuildConfiguration";
         buildSettings = {
            LD = "/usr/bin/true";
            OTHER_SWIFT_FLAGS = (
               "-swift-version",
               "5",
               "-I",
               "$(TOOLCHAIN_DIR)/usr/lib/swift/pm/4_2",
               "-target",
               "x86_64-apple-macosx10.10",
               "-sdk",
               "/Applications/Xcode-beta.app/Contents/Developer/Platforms/MacOSX.platform/Developer/SDKs/MacOSX10.15.sdk",
               "-package-description-version",
               "5"
            );
            SWIFT_VERSION = "5.0";
         };
         name = "Release";
      };
      "OBJ_196" = {
         isa = "PBXSourcesBuildPhase";
         files = (
            "OBJ_197"
         );
      };
      "OBJ_197" = {
         isa = "PBXBuildFile";
         fileRef = "OBJ_74";
      };
      "OBJ_199" = {
         isa = "XCConfigurationList";
         buildConfigurations = (
            "OBJ_200",
            "OBJ_201"
         );
         defaultConfigurationIsVisible = "0";
         defaultConfigurationName = "Release";
      };
      "OBJ_2" = {
         isa = "XCConfigurationList";
         buildConfigurations = (
            "OBJ_3",
            "OBJ_4"
         );
         defaultConfigurationIsVisible = "0";
         defaultConfigurationName = "Release";
      };
      "OBJ_20" = {
         isa = "PBXFileReference";
         path = "BSON.swift";
         sourceTree = "<group>";
      };
      "OBJ_200" = {
         isa = "XCBuildConfiguration";
         buildSettings = {
            ENABLE_TESTABILITY = "YES";
            FRAMEWORK_SEARCH_PATHS = (
               "$(inherited)",
               "$(PLATFORM_DIR)/Developer/Library/Frameworks"
            );
            HEADER_SEARCH_PATHS = (
               "$(inherited)"
            );
            INFOPLIST_FILE = "danakeMongo.xcodeproj/PromiseKit_Info.plist";
            IPHONEOS_DEPLOYMENT_TARGET = "8.0";
            LD_RUNPATH_SEARCH_PATHS = (
               "$(inherited)",
               "$(TOOLCHAIN_DIR)/usr/lib/swift/macosx"
            );
            MACOSX_DEPLOYMENT_TARGET = "10.10";
            OTHER_CFLAGS = (
               "$(inherited)"
            );
            OTHER_LDFLAGS = (
               "$(inherited)"
            );
            OTHER_SWIFT_FLAGS = (
               "$(inherited)"
            );
            PRODUCT_BUNDLE_IDENTIFIER = "PromiseKit";
            PRODUCT_MODULE_NAME = "$(TARGET_NAME:c99extidentifier)";
            PRODUCT_NAME = "$(TARGET_NAME:c99extidentifier)";
            SKIP_INSTALL = "YES";
            SWIFT_ACTIVE_COMPILATION_CONDITIONS = (
               "$(inherited)"
            );
            SWIFT_VERSION = "5.0";
            TARGET_NAME = "PromiseKit";
            TVOS_DEPLOYMENT_TARGET = "9.0";
            WATCHOS_DEPLOYMENT_TARGET = "2.0";
         };
         name = "Debug";
      };
      "OBJ_201" = {
         isa = "XCBuildConfiguration";
         buildSettings = {
            ENABLE_TESTABILITY = "YES";
            FRAMEWORK_SEARCH_PATHS = (
               "$(inherited)",
               "$(PLATFORM_DIR)/Developer/Library/Frameworks"
            );
            HEADER_SEARCH_PATHS = (
               "$(inherited)"
            );
            INFOPLIST_FILE = "danakeMongo.xcodeproj/PromiseKit_Info.plist";
            IPHONEOS_DEPLOYMENT_TARGET = "8.0";
            LD_RUNPATH_SEARCH_PATHS = (
               "$(inherited)",
               "$(TOOLCHAIN_DIR)/usr/lib/swift/macosx"
            );
            MACOSX_DEPLOYMENT_TARGET = "10.10";
            OTHER_CFLAGS = (
               "$(inherited)"
            );
            OTHER_LDFLAGS = (
               "$(inherited)"
            );
            OTHER_SWIFT_FLAGS = (
               "$(inherited)"
            );
            PRODUCT_BUNDLE_IDENTIFIER = "PromiseKit";
            PRODUCT_MODULE_NAME = "$(TARGET_NAME:c99extidentifier)";
            PRODUCT_NAME = "$(TARGET_NAME:c99extidentifier)";
            SKIP_INSTALL = "YES";
            SWIFT_ACTIVE_COMPILATION_CONDITIONS = (
               "$(inherited)"
            );
            SWIFT_VERSION = "5.0";
            TARGET_NAME = "PromiseKit";
            TVOS_DEPLOYMENT_TARGET = "9.0";
            WATCHOS_DEPLOYMENT_TARGET = "2.0";
         };
         name = "Release";
      };
      "OBJ_202" = {
         isa = "PBXSourcesBuildPhase";
         files = (
            "OBJ_203",
            "OBJ_204",
            "OBJ_205",
            "OBJ_206",
            "OBJ_207",
            "OBJ_208",
            "OBJ_209",
            "OBJ_210",
            "OBJ_211",
            "OBJ_212",
            "OBJ_213",
            "OBJ_214",
            "OBJ_215",
            "OBJ_216",
            "OBJ_217"
         );
      };
      "OBJ_203" = {
         isa = "PBXBuildFile";
         fileRef = "OBJ_94";
      };
      "OBJ_204" = {
         isa = "PBXBuildFile";
         fileRef = "OBJ_95";
      };
      "OBJ_205" = {
         isa = "PBXBuildFile";
         fileRef = "OBJ_96";
      };
      "OBJ_206" = {
         isa = "PBXBuildFile";
         fileRef = "OBJ_97";
      };
      "OBJ_207" = {
         isa = "PBXBuildFile";
         fileRef = "OBJ_98";
      };
      "OBJ_208" = {
         isa = "PBXBuildFile";
         fileRef = "OBJ_99";
      };
      "OBJ_209" = {
         isa = "PBXBuildFile";
         fileRef = "OBJ_100";
      };
      "OBJ_21" = {
         isa = "PBXFileReference";
         path = "BSONDecoder.swift";
         sourceTree = "<group>";
      };
      "OBJ_210" = {
         isa = "PBXBuildFile";
         fileRef = "OBJ_101";
      };
      "OBJ_211" = {
         isa = "PBXBuildFile";
         fileRef = "OBJ_102";
      };
      "OBJ_212" = {
         isa = "PBXBuildFile";
         fileRef = "OBJ_103";
      };
      "OBJ_213" = {
         isa = "PBXBuildFile";
         fileRef = "OBJ_104";
      };
      "OBJ_214" = {
         isa = "PBXBuildFile";
         fileRef = "OBJ_105";
      };
      "OBJ_215" = {
         isa = "PBXBuildFile";
         fileRef = "OBJ_106";
      };
      "OBJ_216" = {
         isa = "PBXBuildFile";
         fileRef = "OBJ_107";
      };
      "OBJ_217" = {
         isa = "PBXBuildFile";
         fileRef = "OBJ_108";
      };
      "OBJ_218" = {
         isa = "PBXFrameworksBuildPhase";
         files = (
         );
      };
      "OBJ_22" = {
         isa = "PBXFileReference";
         path = "BSONEncoder.swift";
         sourceTree = "<group>";
      };
      "OBJ_220" = {
         isa = "XCConfigurationList";
         buildConfigurations = (
            "OBJ_221",
            "OBJ_222"
         );
         defaultConfigurationIsVisible = "0";
         defaultConfigurationName = "Release";
      };
      "OBJ_221" = {
         isa = "XCBuildConfiguration";
         buildSettings = {
            LD = "/usr/bin/true";
            OTHER_SWIFT_FLAGS = (
               "-swift-version",
               "5",
               "-I",
               "$(TOOLCHAIN_DIR)/usr/lib/swift/pm/4_2",
               "-target",
               "x86_64-apple-macosx10.10",
               "-sdk",
               "/Applications/Xcode-beta.app/Contents/Developer/Platforms/MacOSX.platform/Developer/SDKs/MacOSX10.15.sdk",
               "-package-description-version",
               "5"
            );
            SWIFT_VERSION = "5.0";
         };
         name = "Debug";
      };
      "OBJ_222" = {
         isa = "XCBuildConfiguration";
         buildSettings = {
            LD = "/usr/bin/true";
            OTHER_SWIFT_FLAGS = (
               "-swift-version",
               "5",
               "-I",
               "$(TOOLCHAIN_DIR)/usr/lib/swift/pm/4_2",
               "-target",
               "x86_64-apple-macosx10.10",
               "-sdk",
               "/Applications/Xcode-beta.app/Contents/Developer/Platforms/MacOSX.platform/Developer/SDKs/MacOSX10.15.sdk",
               "-package-description-version",
               "5"
            );
            SWIFT_VERSION = "5.0";
         };
         name = "Release";
      };
      "OBJ_223" = {
         isa = "PBXSourcesBuildPhase";
         files = (
            "OBJ_224"
         );
      };
      "OBJ_224" = {
         isa = "PBXBuildFile";
         fileRef = "OBJ_93";
      };
      "OBJ_226" = {
         isa = "XCConfigurationList";
         buildConfigurations = (
            "OBJ_227",
            "OBJ_228"
         );
         defaultConfigurationIsVisible = "0";
         defaultConfigurationName = "Release";
      };
      "OBJ_227" = {
         isa = "XCBuildConfiguration";
         buildSettings = {
         };
         name = "Debug";
      };
      "OBJ_228" = {
         isa = "XCBuildConfiguration";
         buildSettings = {
         };
         name = "Release";
      };
      "OBJ_23" = {
         isa = "PBXFileReference";
         path = "BSONValue.swift";
         sourceTree = "<group>";
      };
      "OBJ_230" = {
         isa = "XCConfigurationList";
         buildConfigurations = (
            "OBJ_231",
            "OBJ_232"
         );
         defaultConfigurationIsVisible = "0";
         defaultConfigurationName = "Release";
      };
      "OBJ_231" = {
         isa = "XCBuildConfiguration";
         buildSettings = {
            ENABLE_TESTABILITY = "YES";
            FRAMEWORK_SEARCH_PATHS = (
               "$(inherited)",
               "$(PLATFORM_DIR)/Developer/Library/Frameworks"
            );
            HEADER_SEARCH_PATHS = (
               "$(inherited)"
            );
            INFOPLIST_FILE = "danakeMongo.xcodeproj/danake_Info.plist";
            LD_RUNPATH_SEARCH_PATHS = (
               "$(inherited)",
               "$(TOOLCHAIN_DIR)/usr/lib/swift/macosx"
            );
            OTHER_CFLAGS = (
               "$(inherited)"
            );
            OTHER_LDFLAGS = (
               "$(inherited)"
            );
            OTHER_SWIFT_FLAGS = (
               "$(inherited)"
            );
            PRODUCT_BUNDLE_IDENTIFIER = "danake";
            PRODUCT_MODULE_NAME = "$(TARGET_NAME:c99extidentifier)";
            PRODUCT_NAME = "$(TARGET_NAME:c99extidentifier)";
            SKIP_INSTALL = "YES";
            SWIFT_ACTIVE_COMPILATION_CONDITIONS = (
               "$(inherited)"
            );
            SWIFT_VERSION = "4.0";
            TARGET_NAME = "danake";
         };
         name = "Debug";
      };
      "OBJ_232" = {
         isa = "XCBuildConfiguration";
         buildSettings = {
            ENABLE_TESTABILITY = "YES";
            FRAMEWORK_SEARCH_PATHS = (
               "$(inherited)",
               "$(PLATFORM_DIR)/Developer/Library/Frameworks"
            );
            HEADER_SEARCH_PATHS = (
               "$(inherited)"
            );
            INFOPLIST_FILE = "danakeMongo.xcodeproj/danake_Info.plist";
            LD_RUNPATH_SEARCH_PATHS = (
               "$(inherited)",
               "$(TOOLCHAIN_DIR)/usr/lib/swift/macosx"
            );
            OTHER_CFLAGS = (
               "$(inherited)"
            );
            OTHER_LDFLAGS = (
               "$(inherited)"
            );
            OTHER_SWIFT_FLAGS = (
               "$(inherited)"
            );
            PRODUCT_BUNDLE_IDENTIFIER = "danake";
            PRODUCT_MODULE_NAME = "$(TARGET_NAME:c99extidentifier)";
            PRODUCT_NAME = "$(TARGET_NAME:c99extidentifier)";
            SKIP_INSTALL = "YES";
            SWIFT_ACTIVE_COMPILATION_CONDITIONS = (
               "$(inherited)"
            );
            SWIFT_VERSION = "4.0";
            TARGET_NAME = "danake";
         };
         name = "Release";
      };
      "OBJ_233" = {
         isa = "PBXSourcesBuildPhase";
         files = (
            "OBJ_234",
            "OBJ_235",
            "OBJ_236",
            "OBJ_237",
            "OBJ_238",
            "OBJ_239",
            "OBJ_240",
            "OBJ_241",
            "OBJ_242",
            "OBJ_243"
         );
      };
      "OBJ_234" = {
         isa = "PBXBuildFile";
         fileRef = "OBJ_77";
      };
      "OBJ_235" = {
         isa = "PBXBuildFile";
         fileRef = "OBJ_78";
      };
      "OBJ_236" = {
         isa = "PBXBuildFile";
         fileRef = "OBJ_79";
      };
      "OBJ_237" = {
         isa = "PBXBuildFile";
         fileRef = "OBJ_80";
      };
      "OBJ_238" = {
         isa = "PBXBuildFile";
         fileRef = "OBJ_81";
      };
      "OBJ_239" = {
         isa = "PBXBuildFile";
         fileRef = "OBJ_82";
      };
      "OBJ_24" = {
         isa = "PBXFileReference";
         path = "CodableNumber.swift";
         sourceTree = "<group>";
      };
      "OBJ_240" = {
         isa = "PBXBuildFile";
         fileRef = "OBJ_83";
      };
      "OBJ_241" = {
         isa = "PBXBuildFile";
         fileRef = "OBJ_84";
      };
      "OBJ_242" = {
         isa = "PBXBuildFile";
         fileRef = "OBJ_85";
      };
      "OBJ_243" = {
         isa = "PBXBuildFile";
         fileRef = "OBJ_86";
      };
      "OBJ_244" = {
         isa = "PBXFrameworksBuildPhase";
         files = (
            "OBJ_245",
            "OBJ_246"
         );
      };
      "OBJ_245" = {
         isa = "PBXBuildFile";
         fileRef = "JSONEquality::JSONEquality::Product";
      };
      "OBJ_246" = {
         isa = "PBXBuildFile";
         fileRef = "PromiseKit::PromiseKit::Product";
      };
      "OBJ_247" = {
         isa = "PBXTargetDependency";
         target = "JSONEquality::JSONEquality";
      };
      "OBJ_248" = {
         isa = "PBXTargetDependency";
         target = "PromiseKit::PromiseKit";
      };
      "OBJ_25" = {
         isa = "PBXFileReference";
         path = "CodingStrategies.swift";
         sourceTree = "<group>";
      };
      "OBJ_250" = {
         isa = "XCConfigurationList";
         buildConfigurations = (
            "OBJ_251",
            "OBJ_252"
         );
         defaultConfigurationIsVisible = "0";
         defaultConfigurationName = "Release";
      };
      "OBJ_251" = {
         isa = "XCBuildConfiguration";
         buildSettings = {
            ENABLE_TESTABILITY = "YES";
            FRAMEWORK_SEARCH_PATHS = (
               "$(inherited)",
               "$(PLATFORM_DIR)/Developer/Library/Frameworks"
            );
            HEADER_SEARCH_PATHS = (
               "$(inherited)",
               "$(SRCROOT)/.build/checkouts/swift-mongoc",
               "$(SRCROOT)/.build/checkouts/swift-bson"
            );
            INFOPLIST_FILE = "danakeMongo.xcodeproj/danakeMongo_Info.plist";
            LD_RUNPATH_SEARCH_PATHS = (
               "$(inherited)",
               "$(TOOLCHAIN_DIR)/usr/lib/swift/macosx"
            );
            OTHER_CFLAGS = (
               "$(inherited)",
               "-I/usr/local/Cellar/mongo-c-driver/1.15.1/include/libmongoc-1.0",
               "-I/usr/local/Cellar/mongo-c-driver/1.15.1/include/libbson-1.0",
               "-I/usr/local/Cellar/mongo-c-driver/1.15.1/include/libbson-1.0"
            );
            OTHER_LDFLAGS = (
               "$(inherited)",
               "-L/usr/local/Cellar/mongo-c-driver/1.15.1/lib",
               "-lmongoc-1.0",
               "-L/usr/local/Cellar/mongo-c-driver/1.15.1/lib",
               "-lbson-1.0",
               "-L/usr/local/Cellar/mongo-c-driver/1.15.1/lib",
               "-lbson-1.0"
            );
            OTHER_SWIFT_FLAGS = (
               "$(inherited)",
               "-I/usr/local/Cellar/mongo-c-driver/1.15.1/include/libmongoc-1.0",
               "-I/usr/local/Cellar/mongo-c-driver/1.15.1/include/libbson-1.0",
               "-I/usr/local/Cellar/mongo-c-driver/1.15.1/include/libbson-1.0"
            );
            PRODUCT_BUNDLE_IDENTIFIER = "danakeMongo";
            PRODUCT_MODULE_NAME = "$(TARGET_NAME:c99extidentifier)";
            PRODUCT_NAME = "$(TARGET_NAME:c99extidentifier)";
            SKIP_INSTALL = "YES";
            SWIFT_ACTIVE_COMPILATION_CONDITIONS = (
               "$(inherited)"
            );
            SWIFT_VERSION = "4.0";
            TARGET_NAME = "danakeMongo";
         };
         name = "Debug";
      };
      "OBJ_252" = {
         isa = "XCBuildConfiguration";
         buildSettings = {
            ENABLE_TESTABILITY = "YES";
            FRAMEWORK_SEARCH_PATHS = (
               "$(inherited)",
               "$(PLATFORM_DIR)/Developer/Library/Frameworks"
            );
            HEADER_SEARCH_PATHS = (
               "$(inherited)",
               "$(SRCROOT)/.build/checkouts/swift-mongoc",
               "$(SRCROOT)/.build/checkouts/swift-bson"
            );
            INFOPLIST_FILE = "danakeMongo.xcodeproj/danakeMongo_Info.plist";
            LD_RUNPATH_SEARCH_PATHS = (
               "$(inherited)",
               "$(TOOLCHAIN_DIR)/usr/lib/swift/macosx"
            );
            OTHER_CFLAGS = (
               "$(inherited)",
               "-I/usr/local/Cellar/mongo-c-driver/1.15.1/include/libmongoc-1.0",
               "-I/usr/local/Cellar/mongo-c-driver/1.15.1/include/libbson-1.0",
               "-I/usr/local/Cellar/mongo-c-driver/1.15.1/include/libbson-1.0"
            );
            OTHER_LDFLAGS = (
               "$(inherited)",
               "-L/usr/local/Cellar/mongo-c-driver/1.15.1/lib",
               "-lmongoc-1.0",
               "-L/usr/local/Cellar/mongo-c-driver/1.15.1/lib",
               "-lbson-1.0",
               "-L/usr/local/Cellar/mongo-c-driver/1.15.1/lib",
               "-lbson-1.0"
            );
            OTHER_SWIFT_FLAGS = (
               "$(inherited)",
               "-I/usr/local/Cellar/mongo-c-driver/1.15.1/include/libmongoc-1.0",
               "-I/usr/local/Cellar/mongo-c-driver/1.15.1/include/libbson-1.0",
               "-I/usr/local/Cellar/mongo-c-driver/1.15.1/include/libbson-1.0"
            );
            PRODUCT_BUNDLE_IDENTIFIER = "danakeMongo";
            PRODUCT_MODULE_NAME = "$(TARGET_NAME:c99extidentifier)";
            PRODUCT_NAME = "$(TARGET_NAME:c99extidentifier)";
            SKIP_INSTALL = "YES";
            SWIFT_ACTIVE_COMPILATION_CONDITIONS = (
               "$(inherited)"
            );
            SWIFT_VERSION = "4.0";
            TARGET_NAME = "danakeMongo";
         };
         name = "Release";
      };
      "OBJ_253" = {
         isa = "PBXSourcesBuildPhase";
         files = (
            "OBJ_254"
         );
      };
      "OBJ_254" = {
         isa = "PBXBuildFile";
         fileRef = "OBJ_9";
      };
      "OBJ_255" = {
         isa = "PBXFrameworksBuildPhase";
         files = (
            "OBJ_256",
            "OBJ_257",
            "OBJ_258",
            "OBJ_259"
         );
      };
      "OBJ_256" = {
         isa = "PBXBuildFile";
         fileRef = "MongoSwift::MongoSwift::Product";
      };
      "OBJ_257" = {
         isa = "PBXBuildFile";
         fileRef = "danake::danake::Product";
      };
      "OBJ_258" = {
         isa = "PBXBuildFile";
         fileRef = "JSONEquality::JSONEquality::Product";
      };
      "OBJ_259" = {
         isa = "PBXBuildFile";
         fileRef = "PromiseKit::PromiseKit::Product";
      };
      "OBJ_26" = {
         isa = "PBXFileReference";
         path = "Document+Codable.swift";
         sourceTree = "<group>";
      };
      "OBJ_260" = {
         isa = "PBXTargetDependency";
         target = "MongoSwift::MongoSwift";
      };
      "OBJ_261" = {
         isa = "PBXTargetDependency";
         target = "danake::danake";
      };
      "OBJ_262" = {
         isa = "PBXTargetDependency";
         target = "JSONEquality::JSONEquality";
      };
      "OBJ_263" = {
         isa = "PBXTargetDependency";
         target = "PromiseKit::PromiseKit";
      };
      "OBJ_265" = {
         isa = "XCConfigurationList";
         buildConfigurations = (
            "OBJ_266",
            "OBJ_267"
         );
         defaultConfigurationIsVisible = "0";
         defaultConfigurationName = "Release";
      };
      "OBJ_266" = {
         isa = "XCBuildConfiguration";
         buildSettings = {
            LD = "/usr/bin/true";
            OTHER_SWIFT_FLAGS = (
               "-swift-version",
               "4",
               "-I",
               "$(TOOLCHAIN_DIR)/usr/lib/swift/pm/4",
               "-target",
               "x86_64-apple-macosx10.10",
               "-sdk",
               "/Applications/Xcode-beta.app/Contents/Developer/Platforms/MacOSX.platform/Developer/SDKs/MacOSX10.15.sdk",
               "-package-description-version",
               "4"
            );
            SWIFT_VERSION = "4.0";
         };
         name = "Debug";
      };
      "OBJ_267" = {
         isa = "XCBuildConfiguration";
         buildSettings = {
            LD = "/usr/bin/true";
            OTHER_SWIFT_FLAGS = (
               "-swift-version",
               "4",
               "-I",
               "$(TOOLCHAIN_DIR)/usr/lib/swift/pm/4",
               "-target",
               "x86_64-apple-macosx10.10",
               "-sdk",
               "/Applications/Xcode-beta.app/Contents/Developer/Platforms/MacOSX.platform/Developer/SDKs/MacOSX10.15.sdk",
               "-package-description-version",
               "4"
            );
            SWIFT_VERSION = "4.0";
         };
         name = "Release";
      };
      "OBJ_268" = {
         isa = "PBXSourcesBuildPhase";
         files = (
            "OBJ_269"
         );
      };
      "OBJ_269" = {
         isa = "PBXBuildFile";
         fileRef = "OBJ_6";
      };
      "OBJ_27" = {
         isa = "PBXFileReference";
         path = "Document+Collection.swift";
         sourceTree = "<group>";
      };
      "OBJ_271" = {
         isa = "XCConfigurationList";
         buildConfigurations = (
            "OBJ_272",
            "OBJ_273"
         );
         defaultConfigurationIsVisible = "0";
         defaultConfigurationName = "Release";
      };
      "OBJ_272" = {
         isa = "XCBuildConfiguration";
         buildSettings = {
         };
         name = "Debug";
      };
      "OBJ_273" = {
         isa = "XCBuildConfiguration";
         buildSettings = {
         };
         name = "Release";
      };
      "OBJ_274" = {
         isa = "PBXTargetDependency";
         target = "danakeMongo::danakeMongoTests";
      };
      "OBJ_276" = {
         isa = "XCConfigurationList";
         buildConfigurations = (
            "OBJ_277",
            "OBJ_278"
         );
         defaultConfigurationIsVisible = "0";
         defaultConfigurationName = "Release";
      };
      "OBJ_277" = {
         isa = "XCBuildConfiguration";
         buildSettings = {
            CLANG_ENABLE_MODULES = "YES";
            EMBEDDED_CONTENT_CONTAINS_SWIFT = "YES";
            FRAMEWORK_SEARCH_PATHS = (
               "$(inherited)",
               "$(PLATFORM_DIR)/Developer/Library/Frameworks"
            );
            HEADER_SEARCH_PATHS = (
               "$(inherited)",
               "$(SRCROOT)/.build/checkouts/swift-mongoc",
               "$(SRCROOT)/.build/checkouts/swift-bson"
            );
            INFOPLIST_FILE = "danakeMongo.xcodeproj/danakeMongoTests_Info.plist";
            LD_RUNPATH_SEARCH_PATHS = (
               "$(inherited)",
               "@loader_path/../Frameworks",
               "@loader_path/Frameworks"
            );
            OTHER_CFLAGS = (
               "$(inherited)",
               "-I/usr/local/Cellar/mongo-c-driver/1.15.1/include/libmongoc-1.0",
               "-I/usr/local/Cellar/mongo-c-driver/1.15.1/include/libbson-1.0",
               "-I/usr/local/Cellar/mongo-c-driver/1.15.1/include/libbson-1.0"
            );
            OTHER_LDFLAGS = (
               "$(inherited)",
               "-L/usr/local/Cellar/mongo-c-driver/1.15.1/lib",
               "-lmongoc-1.0",
               "-L/usr/local/Cellar/mongo-c-driver/1.15.1/lib",
               "-lbson-1.0",
               "-L/usr/local/Cellar/mongo-c-driver/1.15.1/lib",
               "-lbson-1.0"
            );
            OTHER_SWIFT_FLAGS = (
               "$(inherited)",
               "-I/usr/local/Cellar/mongo-c-driver/1.15.1/include/libmongoc-1.0",
               "-I/usr/local/Cellar/mongo-c-driver/1.15.1/include/libbson-1.0",
               "-I/usr/local/Cellar/mongo-c-driver/1.15.1/include/libbson-1.0"
            );
            SWIFT_ACTIVE_COMPILATION_CONDITIONS = (
               "$(inherited)"
            );
            SWIFT_VERSION = "4.0";
            TARGET_NAME = "danakeMongoTests";
         };
         name = "Debug";
      };
      "OBJ_278" = {
         isa = "XCBuildConfiguration";
         buildSettings = {
            CLANG_ENABLE_MODULES = "YES";
            EMBEDDED_CONTENT_CONTAINS_SWIFT = "YES";
            FRAMEWORK_SEARCH_PATHS = (
               "$(inherited)",
               "$(PLATFORM_DIR)/Developer/Library/Frameworks"
            );
            HEADER_SEARCH_PATHS = (
               "$(inherited)",
               "$(SRCROOT)/.build/checkouts/swift-mongoc",
               "$(SRCROOT)/.build/checkouts/swift-bson"
            );
            INFOPLIST_FILE = "danakeMongo.xcodeproj/danakeMongoTests_Info.plist";
            LD_RUNPATH_SEARCH_PATHS = (
               "$(inherited)",
               "@loader_path/../Frameworks",
               "@loader_path/Frameworks"
            );
            OTHER_CFLAGS = (
               "$(inherited)",
               "-I/usr/local/Cellar/mongo-c-driver/1.15.1/include/libmongoc-1.0",
               "-I/usr/local/Cellar/mongo-c-driver/1.15.1/include/libbson-1.0",
               "-I/usr/local/Cellar/mongo-c-driver/1.15.1/include/libbson-1.0"
            );
            OTHER_LDFLAGS = (
               "$(inherited)",
               "-L/usr/local/Cellar/mongo-c-driver/1.15.1/lib",
               "-lmongoc-1.0",
               "-L/usr/local/Cellar/mongo-c-driver/1.15.1/lib",
               "-lbson-1.0",
               "-L/usr/local/Cellar/mongo-c-driver/1.15.1/lib",
               "-lbson-1.0"
            );
            OTHER_SWIFT_FLAGS = (
               "$(inherited)",
               "-I/usr/local/Cellar/mongo-c-driver/1.15.1/include/libmongoc-1.0",
               "-I/usr/local/Cellar/mongo-c-driver/1.15.1/include/libbson-1.0",
               "-I/usr/local/Cellar/mongo-c-driver/1.15.1/include/libbson-1.0"
            );
            SWIFT_ACTIVE_COMPILATION_CONDITIONS = (
               "$(inherited)"
            );
            SWIFT_VERSION = "4.0";
            TARGET_NAME = "danakeMongoTests";
         };
         name = "Release";
      };
      "OBJ_279" = {
         isa = "PBXSourcesBuildPhase";
         files = (
            "OBJ_280",
            "OBJ_281"
         );
      };
      "OBJ_28" = {
         isa = "PBXFileReference";
         path = "Document+Sequence.swift";
         sourceTree = "<group>";
      };
      "OBJ_280" = {
         isa = "PBXBuildFile";
         fileRef = "OBJ_12";
      };
      "OBJ_281" = {
         isa = "PBXBuildFile";
         fileRef = "OBJ_13";
      };
      "OBJ_282" = {
         isa = "PBXFrameworksBuildPhase";
         files = (
            "OBJ_283",
            "OBJ_284",
            "OBJ_285",
            "OBJ_286",
            "OBJ_287"
         );
      };
      "OBJ_283" = {
         isa = "PBXBuildFile";
         fileRef = "danakeMongo::danakeMongo::Product";
      };
      "OBJ_284" = {
         isa = "PBXBuildFile";
         fileRef = "MongoSwift::MongoSwift::Product";
      };
      "OBJ_285" = {
         isa = "PBXBuildFile";
         fileRef = "danake::danake::Product";
      };
      "OBJ_286" = {
         isa = "PBXBuildFile";
         fileRef = "JSONEquality::JSONEquality::Product";
      };
      "OBJ_287" = {
         isa = "PBXBuildFile";
         fileRef = "PromiseKit::PromiseKit::Product";
      };
      "OBJ_288" = {
         isa = "PBXTargetDependency";
         target = "danakeMongo::danakeMongo";
      };
      "OBJ_289" = {
         isa = "PBXTargetDependency";
         target = "MongoSwift::MongoSwift";
      };
      "OBJ_29" = {
         isa = "PBXFileReference";
         path = "Document.swift";
         sourceTree = "<group>";
      };
      "OBJ_290" = {
         isa = "PBXTargetDependency";
         target = "danake::danake";
      };
      "OBJ_291" = {
         isa = "PBXTargetDependency";
         target = "JSONEquality::JSONEquality";
      };
      "OBJ_292" = {
         isa = "PBXTargetDependency";
         target = "PromiseKit::PromiseKit";
      };
      "OBJ_294" = {
         isa = "XCConfigurationList";
         buildConfigurations = (
            "OBJ_295",
            "OBJ_296"
         );
         defaultConfigurationIsVisible = "0";
         defaultConfigurationName = "Release";
      };
      "OBJ_295" = {
         isa = "XCBuildConfiguration";
         buildSettings = {
            LD = "/usr/bin/true";
            OTHER_SWIFT_FLAGS = (
               "-swift-version",
               "4",
               "-I",
               "$(TOOLCHAIN_DIR)/usr/lib/swift/pm/4",
               "-target",
               "x86_64-apple-macosx10.10",
               "-sdk",
               "/Applications/Xcode-beta.app/Contents/Developer/Platforms/MacOSX.platform/Developer/SDKs/MacOSX10.15.sdk",
               "-package-description-version",
               "4"
            );
            SWIFT_VERSION = "4.0";
         };
         name = "Debug";
      };
      "OBJ_296" = {
         isa = "XCBuildConfiguration";
         buildSettings = {
            LD = "/usr/bin/true";
            OTHER_SWIFT_FLAGS = (
               "-swift-version",
               "4",
               "-I",
               "$(TOOLCHAIN_DIR)/usr/lib/swift/pm/4",
               "-target",
               "x86_64-apple-macosx10.10",
               "-sdk",
               "/Applications/Xcode-beta.app/Contents/Developer/Platforms/MacOSX.platform/Developer/SDKs/MacOSX10.15.sdk",
               "-package-description-version",
               "4"
            );
            SWIFT_VERSION = "4.0";
         };
         name = "Release";
      };
      "OBJ_297" = {
         isa = "PBXSourcesBuildPhase";
         files = (
            "OBJ_298"
         );
      };
      "OBJ_298" = {
         isa = "PBXBuildFile";
         fileRef = "OBJ_87";
      };
      "OBJ_3" = {
         isa = "XCBuildConfiguration";
         buildSettings = {
            CLANG_ENABLE_OBJC_ARC = "YES";
            COMBINE_HIDPI_IMAGES = "YES";
            COPY_PHASE_STRIP = "NO";
            DEBUG_INFORMATION_FORMAT = "dwarf";
            DYLIB_INSTALL_NAME_BASE = "@rpath";
            ENABLE_NS_ASSERTIONS = "YES";
            GCC_OPTIMIZATION_LEVEL = "0";
            GCC_PREPROCESSOR_DEFINITIONS = (
               "$(inherited)",
               "SWIFT_PACKAGE=1",
               "DEBUG=1"
            );
            MACOSX_DEPLOYMENT_TARGET = "10.10";
            ONLY_ACTIVE_ARCH = "YES";
            OTHER_SWIFT_FLAGS = (
               "-DXcode"
            );
            PRODUCT_NAME = "$(TARGET_NAME)";
            SDKROOT = "macosx";
            SUPPORTED_PLATFORMS = (
               "macosx",
               "iphoneos",
               "iphonesimulator",
               "appletvos",
               "appletvsimulator",
               "watchos",
               "watchsimulator"
            );
            SWIFT_ACTIVE_COMPILATION_CONDITIONS = (
               "$(inherited)",
               "SWIFT_PACKAGE",
               "DEBUG"
            );
            SWIFT_OPTIMIZATION_LEVEL = "-Onone";
            USE_HEADERMAP = "NO";
         };
         name = "Debug";
      };
      "OBJ_30" = {
         isa = "PBXFileReference";
         path = "DocumentIterator.swift";
         sourceTree = "<group>";
      };
      "OBJ_300" = {
         isa = "XCConfigurationList";
         buildConfigurations = (
            "OBJ_301",
            "OBJ_302"
         );
         defaultConfigurationIsVisible = "0";
         defaultConfigurationName = "Release";
      };
      "OBJ_301" = {
         isa = "XCBuildConfiguration";
         buildSettings = {
         };
         name = "Debug";
      };
      "OBJ_302" = {
         isa = "XCBuildConfiguration";
         buildSettings = {
         };
         name = "Release";
      };
      "OBJ_31" = {
         isa = "PBXFileReference";
         path = "Overwritable.swift";
         sourceTree = "<group>";
      };
      "OBJ_32" = {
         isa = "PBXFileReference";
         path = "ChangeStream.swift";
         sourceTree = "<group>";
      };
      "OBJ_33" = {
         isa = "PBXFileReference";
         path = "ChangeStreamDocument.swift";
         sourceTree = "<group>";
      };
      "OBJ_34" = {
         isa = "PBXFileReference";
         path = "ChangeStreamOptions.swift";
         sourceTree = "<group>";
      };
      "OBJ_35" = {
         isa = "PBXFileReference";
         path = "ClientSession.swift";
         sourceTree = "<group>";
      };
      "OBJ_36" = {
         isa = "PBXFileReference";
         path = "ConnectionPool.swift";
         sourceTree = "<group>";
      };
      "OBJ_37" = {
         isa = "PBXFileReference";
         path = "ConnectionString.swift";
         sourceTree = "<group>";
      };
      "OBJ_38" = {
         isa = "PBXFileReference";
         path = "Counter.swift";
         sourceTree = "<group>";
      };
      "OBJ_39" = {
         isa = "PBXFileReference";
         path = "MongoClient.swift";
         sourceTree = "<group>";
      };
      "OBJ_4" = {
         isa = "XCBuildConfiguration";
         buildSettings = {
            CLANG_ENABLE_OBJC_ARC = "YES";
            COMBINE_HIDPI_IMAGES = "YES";
            COPY_PHASE_STRIP = "YES";
            DEBUG_INFORMATION_FORMAT = "dwarf-with-dsym";
            DYLIB_INSTALL_NAME_BASE = "@rpath";
            GCC_OPTIMIZATION_LEVEL = "s";
            GCC_PREPROCESSOR_DEFINITIONS = (
               "$(inherited)",
               "SWIFT_PACKAGE=1"
            );
            MACOSX_DEPLOYMENT_TARGET = "10.10";
            OTHER_SWIFT_FLAGS = (
               "-DXcode"
            );
            PRODUCT_NAME = "$(TARGET_NAME)";
            SDKROOT = "macosx";
            SUPPORTED_PLATFORMS = (
               "macosx",
               "iphoneos",
               "iphonesimulator",
               "appletvos",
               "appletvsimulator",
               "watchos",
               "watchsimulator"
            );
            SWIFT_ACTIVE_COMPILATION_CONDITIONS = (
               "$(inherited)",
               "SWIFT_PACKAGE"
            );
            SWIFT_OPTIMIZATION_LEVEL = "-Owholemodule";
            USE_HEADERMAP = "NO";
         };
         name = "Release";
      };
      "OBJ_40" = {
         isa = "PBXFileReference";
         path = "MongoCollection+BulkWrite.swift";
         sourceTree = "<group>";
      };
      "OBJ_41" = {
         isa = "PBXFileReference";
         path = "MongoCollection+ChangeStreams.swift";
         sourceTree = "<group>";
      };
      "OBJ_42" = {
         isa = "PBXFileReference";
         path = "MongoCollection+FindAndModify.swift";
         sourceTree = "<group>";
      };
      "OBJ_43" = {
         isa = "PBXFileReference";
         path = "MongoCollection+Indexes.swift";
         sourceTree = "<group>";
      };
      "OBJ_44" = {
         isa = "PBXFileReference";
         path = "MongoCollection+Read.swift";
         sourceTree = "<group>";
      };
      "OBJ_45" = {
         isa = "PBXFileReference";
         path = "MongoCollection+Write.swift";
         sourceTree = "<group>";
      };
      "OBJ_46" = {
         isa = "PBXFileReference";
         path = "MongoCollection.swift";
         sourceTree = "<group>";
      };
      "OBJ_47" = {
         isa = "PBXFileReference";
         path = "MongoCursor.swift";
         sourceTree = "<group>";
      };
      "OBJ_48" = {
         isa = "PBXFileReference";
         path = "MongoDatabase.swift";
         sourceTree = "<group>";
      };
      "OBJ_49" = {
         isa = "PBXFileReference";
         path = "MongoError.swift";
         sourceTree = "<group>";
      };
      "OBJ_5" = {
         isa = "PBXGroup";
         children = (
            "OBJ_6",
            "OBJ_7",
            "OBJ_10",
            "OBJ_14",
            "OBJ_109",
            "OBJ_116",
            "OBJ_117",
            "OBJ_118"
         );
         path = "";
         sourceTree = "<group>";
      };
      "OBJ_50" = {
         isa = "PBXFileReference";
         path = "MongoNamespace.swift";
         sourceTree = "<group>";
      };
      "OBJ_51" = {
         isa = "PBXFileReference";
         path = "MongoSwift.swift";
         sourceTree = "<group>";
      };
      "OBJ_52" = {
         isa = "PBXFileReference";
         path = "MongoSwiftVersion.swift";
         sourceTree = "<group>";
      };
      "OBJ_53" = {
         isa = "PBXGroup";
         children = (
            "OBJ_54",
            "OBJ_55",
            "OBJ_56",
            "OBJ_57",
            "OBJ_58",
            "OBJ_59",
            "OBJ_60",
            "OBJ_61",
            "OBJ_62",
            "OBJ_63",
            "OBJ_64",
            "OBJ_65",
            "OBJ_66",
            "OBJ_67",
            "OBJ_68",
            "OBJ_69"
         );
         name = "Operations";
         path = "Operations";
         sourceTree = "<group>";
      };
      "OBJ_54" = {
         isa = "PBXFileReference";
         path = "CountDocumentsOperation.swift";
         sourceTree = "<group>";
      };
      "OBJ_55" = {
         isa = "PBXFileReference";
         path = "CreateCollectionOperation.swift";
         sourceTree = "<group>";
      };
      "OBJ_56" = {
         isa = "PBXFileReference";
         path = "CreateIndexesOperation.swift";
         sourceTree = "<group>";
      };
      "OBJ_57" = {
         isa = "PBXFileReference";
         path = "DistinctOperation.swift";
         sourceTree = "<group>";
      };
      "OBJ_58" = {
         isa = "PBXFileReference";
         path = "DropCollectionOperation.swift";
         sourceTree = "<group>";
      };
      "OBJ_59" = {
         isa = "PBXFileReference";
         path = "DropDatabaseOperation.swift";
         sourceTree = "<group>";
      };
      "OBJ_6" = {
         isa = "PBXFileReference";
         explicitFileType = "sourcecode.swift";
         path = "Package.swift";
         sourceTree = "<group>";
      };
      "OBJ_60" = {
         isa = "PBXFileReference";
         path = "DropIndexesOperation.swift";
         sourceTree = "<group>";
      };
      "OBJ_61" = {
         isa = "PBXFileReference";
         path = "EstimatedDocumentCountOperation.swift";
         sourceTree = "<group>";
      };
      "OBJ_62" = {
         isa = "PBXFileReference";
         path = "FindAndModifyOperation.swift";
         sourceTree = "<group>";
      };
      "OBJ_63" = {
         isa = "PBXFileReference";
         path = "ListCollectionsOperation.swift";
         sourceTree = "<group>";
      };
      "OBJ_64" = {
         isa = "PBXFileReference";
         path = "ListDatabasesOperation.swift";
         sourceTree = "<group>";
      };
      "OBJ_65" = {
         isa = "PBXFileReference";
         path = "ListIndexesOperation.swift";
         sourceTree = "<group>";
      };
      "OBJ_66" = {
         isa = "PBXFileReference";
         path = "NextOperation.swift";
         sourceTree = "<group>";
      };
      "OBJ_67" = {
         isa = "PBXFileReference";
         path = "Operation.swift";
         sourceTree = "<group>";
      };
      "OBJ_68" = {
         isa = "PBXFileReference";
         path = "RunCommandOperation.swift";
         sourceTree = "<group>";
      };
      "OBJ_69" = {
         isa = "PBXFileReference";
         path = "WatchOperation.swift";
         sourceTree = "<group>";
      };
      "OBJ_7" = {
         isa = "PBXGroup";
         children = (
            "OBJ_8"
         );
         name = "Sources";
         path = "";
         sourceTree = "SOURCE_ROOT";
      };
      "OBJ_70" = {
         isa = "PBXFileReference";
         path = "ReadConcern.swift";
         sourceTree = "<group>";
      };
      "OBJ_71" = {
         isa = "PBXFileReference";
         path = "ReadPreference.swift";
         sourceTree = "<group>";
      };
      "OBJ_72" = {
         isa = "PBXFileReference";
         path = "SDAM.swift";
         sourceTree = "<group>";
      };
      "OBJ_73" = {
         isa = "PBXFileReference";
         path = "WriteConcern.swift";
         sourceTree = "<group>";
      };
      "OBJ_74" = {
         isa = "PBXFileReference";
         explicitFileType = "sourcecode.swift";
         name = "Package.swift";
         path = "/Users/neal/xcode/danakeMongo/.build/checkouts/mongo-swift-driver/Package.swift";
         sourceTree = "<group>";
      };
      "OBJ_75" = {
         isa = "PBXGroup";
         children = (
            "OBJ_76",
            "OBJ_87"
         );
         name = "danake";
         path = "";
         sourceTree = "SOURCE_ROOT";
      };
      "OBJ_76" = {
         isa = "PBXGroup";
         children = (
            "OBJ_77",
            "OBJ_78",
            "OBJ_79",
            "OBJ_80",
            "OBJ_81",
            "OBJ_82",
            "OBJ_83",
            "OBJ_84",
            "OBJ_85",
            "OBJ_86"
         );
         name = "danake";
         path = ".build/checkouts/danake-sw/Sources/danake";
         sourceTree = "SOURCE_ROOT";
      };
      "OBJ_77" = {
         isa = "PBXFileReference";
         path = "EntityCache.swift";
         sourceTree = "<group>";
      };
      "OBJ_78" = {
         isa = "PBXFileReference";
         path = "InMemoryAccessor.swift";
         sourceTree = "<group>";
      };
      "OBJ_79" = {
         isa = "PBXFileReference";
         path = "ParallelTest.swift";
         sourceTree = "<group>";
      };
      "OBJ_8" = {
         isa = "PBXGroup";
         children = (
            "OBJ_9"
         );
         name = "danakeMongo";
         path = "Sources/danakeMongo";
         sourceTree = "SOURCE_ROOT";
      };
      "OBJ_80" = {
         isa = "PBXFileReference";
         path = "ReferenceManager.swift";
         sourceTree = "<group>";
      };
      "OBJ_81" = {
         isa = "PBXFileReference";
         path = "SampleUsage.swift";
         sourceTree = "<group>";
      };
      "OBJ_82" = {
         isa = "PBXFileReference";
         path = "batch.swift";
         sourceTree = "<group>";
      };
      "OBJ_83" = {
         isa = "PBXFileReference";
         path = "database.swift";
         sourceTree = "<group>";
      };
      "OBJ_84" = {
         isa = "PBXFileReference";
         path = "entity.swift";
         sourceTree = "<group>";
      };
      "OBJ_85" = {
         isa = "PBXFileReference";
         path = "logging.swift";
         sourceTree = "<group>";
      };
      "OBJ_86" = {
         isa = "PBXFileReference";
         path = "promise.swift";
         sourceTree = "<group>";
      };
      "OBJ_87" = {
         isa = "PBXFileReference";
         explicitFileType = "sourcecode.swift";
         name = "Package.swift";
         path = "/Users/neal/xcode/danakeMongo/.build/checkouts/danake-sw/Package.swift";
         sourceTree = "<group>";
      };
      "OBJ_88" = {
         isa = "PBXGroup";
         children = (
            "OBJ_89",
            "OBJ_91"
         );
         name = "JSONEquality";
         path = "";
         sourceTree = "SOURCE_ROOT";
      };
      "OBJ_89" = {
         isa = "PBXGroup";
         children = (
            "OBJ_90"
         );
         name = "JSONEquality";
         path = ".build/checkouts/JSONEquality/Sources/JSONEquality";
         sourceTree = "SOURCE_ROOT";
      };
      "OBJ_9" = {
         isa = "PBXFileReference";
         path = "danakeMongo.swift";
         sourceTree = "<group>";
      };
      "OBJ_90" = {
         isa = "PBXFileReference";
         path = "JSONEquality.swift";
         sourceTree = "<group>";
      };
      "OBJ_91" = {
         isa = "PBXFileReference";
         explicitFileType = "sourcecode.swift";
         name = "Package.swift";
         path = "/Users/neal/xcode/danakeMongo/.build/checkouts/JSONEquality/Package.swift";
         sourceTree = "<group>";
      };
      "OBJ_92" = {
         isa = "PBXGroup";
         children = (
            "OBJ_93",
            "OBJ_94",
            "OBJ_95",
            "OBJ_96",
            "OBJ_97",
            "OBJ_98",
            "OBJ_99",
            "OBJ_100",
            "OBJ_101",
            "OBJ_102",
            "OBJ_103",
            "OBJ_104",
            "OBJ_105",
            "OBJ_106",
            "OBJ_107",
            "OBJ_108"
         );
         name = "PromiseKit 6.11.0";
         path = ".build/checkouts/PromiseKit/Sources";
         sourceTree = "SOURCE_ROOT";
      };
      "OBJ_93" = {
         isa = "PBXFileReference";
         explicitFileType = "sourcecode.swift";
         name = "Package.swift";
         path = "/Users/neal/xcode/danakeMongo/.build/checkouts/PromiseKit/Package.swift";
         sourceTree = "<group>";
      };
      "OBJ_94" = {
         isa = "PBXFileReference";
         path = "Box.swift";
         sourceTree = "<group>";
      };
      "OBJ_95" = {
         isa = "PBXFileReference";
         path = "Catchable.swift";
         sourceTree = "<group>";
      };
      "OBJ_96" = {
         isa = "PBXFileReference";
         path = "Configuration.swift";
         sourceTree = "<group>";
      };
      "OBJ_97" = {
         isa = "PBXFileReference";
         path = "CustomStringConvertible.swift";
         sourceTree = "<group>";
      };
      "OBJ_98" = {
         isa = "PBXFileReference";
         path = "Error.swift";
         sourceTree = "<group>";
      };
      "OBJ_99" = {
         isa = "PBXFileReference";
         path = "Guarantee.swift";
         sourceTree = "<group>";
      };
      "PromiseKit::PromiseKit" = {
         isa = "PBXNativeTarget";
         buildConfigurationList = "OBJ_199";
         buildPhases = (
            "OBJ_202",
            "OBJ_218"
         );
         dependencies = (
         );
         name = "PromiseKit";
         productName = "PromiseKit";
         productReference = "PromiseKit::PromiseKit::Product";
         productType = "com.apple.product-type.framework";
      };
      "PromiseKit::PromiseKit::Product" = {
         isa = "PBXFileReference";
         path = "PromiseKit.framework";
         sourceTree = "BUILT_PRODUCTS_DIR";
      };
      "PromiseKit::SwiftPMPackageDescription" = {
         isa = "PBXNativeTarget";
         buildConfigurationList = "OBJ_220";
         buildPhases = (
            "OBJ_223"
         );
         dependencies = (
         );
         name = "PromiseKitPackageDescription";
         productName = "PromiseKitPackageDescription";
         productType = "com.apple.product-type.framework";
      };
      "bson::bson::ProductTarget" = {
         isa = "PBXAggregateTarget";
         buildConfigurationList = "OBJ_226";
         buildPhases = (
         );
         dependencies = (
         );
         name = "bson";
         productName = "bson";
      };
      "danake::SwiftPMPackageDescription" = {
         isa = "PBXNativeTarget";
         buildConfigurationList = "OBJ_294";
         buildPhases = (
            "OBJ_297"
         );
         dependencies = (
         );
         name = "danakePackageDescription";
         productName = "danakePackageDescription";
         productType = "com.apple.product-type.framework";
      };
      "danake::danake" = {
         isa = "PBXNativeTarget";
         buildConfigurationList = "OBJ_230";
         buildPhases = (
            "OBJ_233",
            "OBJ_244"
         );
         dependencies = (
            "OBJ_247",
            "OBJ_248"
         );
         name = "danake";
         productName = "danake";
         productReference = "danake::danake::Product";
         productType = "com.apple.product-type.framework";
      };
      "danake::danake::Product" = {
         isa = "PBXFileReference";
         path = "danake.framework";
         sourceTree = "BUILT_PRODUCTS_DIR";
      };
      "danakeMongo::SwiftPMPackageDescription" = {
         isa = "PBXNativeTarget";
         buildConfigurationList = "OBJ_265";
         buildPhases = (
            "OBJ_268"
         );
         dependencies = (
         );
         name = "danakeMongoPackageDescription";
         productName = "danakeMongoPackageDescription";
         productType = "com.apple.product-type.framework";
      };
      "danakeMongo::danakeMongo" = {
         isa = "PBXNativeTarget";
         buildConfigurationList = "OBJ_250";
         buildPhases = (
            "OBJ_253",
            "OBJ_255"
         );
         dependencies = (
            "OBJ_260",
            "OBJ_261",
            "OBJ_262",
            "OBJ_263"
         );
         name = "danakeMongo";
         productName = "danakeMongo";
         productReference = "danakeMongo::danakeMongo::Product";
         productType = "com.apple.product-type.framework";
      };
      "danakeMongo::danakeMongo::Product" = {
         isa = "PBXFileReference";
         path = "danakeMongo.framework";
         sourceTree = "BUILT_PRODUCTS_DIR";
      };
      "danakeMongo::danakeMongoPackageTests::ProductTarget" = {
         isa = "PBXAggregateTarget";
         buildConfigurationList = "OBJ_271";
         buildPhases = (
         );
         dependencies = (
            "OBJ_274"
         );
         name = "danakeMongoPackageTests";
         productName = "danakeMongoPackageTests";
      };
      "danakeMongo::danakeMongoTests" = {
         isa = "PBXNativeTarget";
         buildConfigurationList = "OBJ_276";
         buildPhases = (
            "OBJ_279",
            "OBJ_282"
         );
         dependencies = (
            "OBJ_288",
            "OBJ_289",
            "OBJ_290",
            "OBJ_291",
            "OBJ_292"
         );
         name = "danakeMongoTests";
         productName = "danakeMongoTests";
         productReference = "danakeMongo::danakeMongoTests::Product";
         productType = "com.apple.product-type.bundle.unit-test";
      };
      "danakeMongo::danakeMongoTests::Product" = {
         isa = "PBXFileReference";
         path = "danakeMongoTests.xctest";
         sourceTree = "BUILT_PRODUCTS_DIR";
      };
      "mongoc::mongoc::ProductTarget" = {
         isa = "PBXAggregateTarget";
         buildConfigurationList = "OBJ_300";
         buildPhases = (
         );
         dependencies = (
         );
         name = "mongoc";
         productName = "mongoc";
      };
   };
   rootObject = "OBJ_1";
}
